// !$*UTF8*$!
{
	archiveVersion = 1;
	classes = {
	};
	objectVersion = 55;
	objects = {

/* Begin PBXBuildFile section */
		8D5FC5CA27A5123B000BB141 /* AppDelegate.swift in Sources */ = {isa = PBXBuildFile; fileRef = 8D5FC5C927A5123B000BB141 /* AppDelegate.swift */; };
		8D5FC5CC27A5123B000BB141 /* SceneDelegate.swift in Sources */ = {isa = PBXBuildFile; fileRef = 8D5FC5CB27A5123B000BB141 /* SceneDelegate.swift */; };
		8D5FC5D427A5123B000BB141 /* ShoutNetworking.xcdatamodeld in Sources */ = {isa = PBXBuildFile; fileRef = 8D5FC5D227A5123B000BB141 /* ShoutNetworking.xcdatamodeld */; };
		8D5FC5D627A5123C000BB141 /* Assets.xcassets in Resources */ = {isa = PBXBuildFile; fileRef = 8D5FC5D527A5123C000BB141 /* Assets.xcassets */; };
		8D5FC5D927A5123C000BB141 /* LaunchScreen.storyboard in Resources */ = {isa = PBXBuildFile; fileRef = 8D5FC5D727A5123C000BB141 /* LaunchScreen.storyboard */; };
		8D5FC5E427A5123C000BB141 /* ShoutNetworkingTests.swift in Sources */ = {isa = PBXBuildFile; fileRef = 8D5FC5E327A5123C000BB141 /* ShoutNetworkingTests.swift */; };
		8D5FC5EE27A5123D000BB141 /* ShoutNetworkingUITests.swift in Sources */ = {isa = PBXBuildFile; fileRef = 8D5FC5ED27A5123D000BB141 /* ShoutNetworkingUITests.swift */; };
		8D5FC5F027A5123D000BB141 /* ShoutNetworkingUITestsLaunchTests.swift in Sources */ = {isa = PBXBuildFile; fileRef = 8D5FC5EF27A5123D000BB141 /* ShoutNetworkingUITestsLaunchTests.swift */; };
		8D5FC5FD27A52EB1000BB141 /* Response.swift in Sources */ = {isa = PBXBuildFile; fileRef = 8D5FC5FC27A52EB1000BB141 /* Response.swift */; };
		8D5FC5FF27A53013000BB141 /* Request.swift in Sources */ = {isa = PBXBuildFile; fileRef = 8D5FC5FE27A53013000BB141 /* Request.swift */; };
		8D76482527A8FE4F00735400 /* CustomCell.swift in Sources */ = {isa = PBXBuildFile; fileRef = 8D76482427A8FE4F00735400 /* CustomCell.swift */; };
		8D76482D27A91D2600735400 /* ViewController.swift in Sources */ = {isa = PBXBuildFile; fileRef = 8D76482C27A91D2600735400 /* ViewController.swift */; };
		8D96AB5427A7B77100928FBE /* TestRequestViewController.swift in Sources */ = {isa = PBXBuildFile; fileRef = 8D96AB5327A7B77100928FBE /* TestRequestViewController.swift */; };
/* End PBXBuildFile section */

/* Begin PBXContainerItemProxy section */
		8D5FC5E027A5123C000BB141 /* PBXContainerItemProxy */ = {
			isa = PBXContainerItemProxy;
			containerPortal = 8D5FC5BE27A5123B000BB141 /* Project object */;
			proxyType = 1;
			remoteGlobalIDString = 8D5FC5C527A5123B000BB141;
			remoteInfo = ShoutNetworking;
		};
		8D5FC5EA27A5123C000BB141 /* PBXContainerItemProxy */ = {
			isa = PBXContainerItemProxy;
			containerPortal = 8D5FC5BE27A5123B000BB141 /* Project object */;
			proxyType = 1;
			remoteGlobalIDString = 8D5FC5C527A5123B000BB141;
			remoteInfo = ShoutNetworking;
		};
/* End PBXContainerItemProxy section */

/* Begin PBXFileReference section */
		8D5FC5C627A5123B000BB141 /* ShoutNetworking.app */ = {isa = PBXFileReference; explicitFileType = wrapper.application; includeInIndex = 0; path = ShoutNetworking.app; sourceTree = BUILT_PRODUCTS_DIR; };
		8D5FC5C927A5123B000BB141 /* AppDelegate.swift */ = {isa = PBXFileReference; lastKnownFileType = sourcecode.swift; path = AppDelegate.swift; sourceTree = "<group>"; };
		8D5FC5CB27A5123B000BB141 /* SceneDelegate.swift */ = {isa = PBXFileReference; lastKnownFileType = sourcecode.swift; path = SceneDelegate.swift; sourceTree = "<group>"; };
		8D5FC5D327A5123B000BB141 /* ShoutNetworking.xcdatamodel */ = {isa = PBXFileReference; lastKnownFileType = wrapper.xcdatamodel; path = ShoutNetworking.xcdatamodel; sourceTree = "<group>"; };
		8D5FC5D527A5123C000BB141 /* Assets.xcassets */ = {isa = PBXFileReference; lastKnownFileType = folder.assetcatalog; path = Assets.xcassets; sourceTree = "<group>"; };
		8D5FC5D827A5123C000BB141 /* Base */ = {isa = PBXFileReference; lastKnownFileType = file.storyboard; name = Base; path = Base.lproj/LaunchScreen.storyboard; sourceTree = "<group>"; };
		8D5FC5DA27A5123C000BB141 /* Info.plist */ = {isa = PBXFileReference; lastKnownFileType = text.plist.xml; path = Info.plist; sourceTree = "<group>"; };
		8D5FC5DF27A5123C000BB141 /* ShoutNetworkingTests.xctest */ = {isa = PBXFileReference; explicitFileType = wrapper.cfbundle; includeInIndex = 0; path = ShoutNetworkingTests.xctest; sourceTree = BUILT_PRODUCTS_DIR; };
		8D5FC5E327A5123C000BB141 /* ShoutNetworkingTests.swift */ = {isa = PBXFileReference; lastKnownFileType = sourcecode.swift; path = ShoutNetworkingTests.swift; sourceTree = "<group>"; };
		8D5FC5E927A5123C000BB141 /* ShoutNetworkingUITests.xctest */ = {isa = PBXFileReference; explicitFileType = wrapper.cfbundle; includeInIndex = 0; path = ShoutNetworkingUITests.xctest; sourceTree = BUILT_PRODUCTS_DIR; };
		8D5FC5ED27A5123D000BB141 /* ShoutNetworkingUITests.swift */ = {isa = PBXFileReference; lastKnownFileType = sourcecode.swift; path = ShoutNetworkingUITests.swift; sourceTree = "<group>"; };
		8D5FC5EF27A5123D000BB141 /* ShoutNetworkingUITestsLaunchTests.swift */ = {isa = PBXFileReference; lastKnownFileType = sourcecode.swift; path = ShoutNetworkingUITestsLaunchTests.swift; sourceTree = "<group>"; };
		8D5FC5FC27A52EB1000BB141 /* Response.swift */ = {isa = PBXFileReference; lastKnownFileType = sourcecode.swift; path = Response.swift; sourceTree = "<group>"; };
		8D5FC5FE27A53013000BB141 /* Request.swift */ = {isa = PBXFileReference; lastKnownFileType = sourcecode.swift; path = Request.swift; sourceTree = "<group>"; };
		8D76482427A8FE4F00735400 /* CustomCell.swift */ = {isa = PBXFileReference; lastKnownFileType = sourcecode.swift; path = CustomCell.swift; sourceTree = "<group>"; };
		8D76482C27A91D2600735400 /* ViewController.swift */ = {isa = PBXFileReference; lastKnownFileType = sourcecode.swift; path = ViewController.swift; sourceTree = "<group>"; };
		8D96AB5327A7B77100928FBE /* TestRequestViewController.swift */ = {isa = PBXFileReference; lastKnownFileType = sourcecode.swift; path = TestRequestViewController.swift; sourceTree = "<group>"; };
/* End PBXFileReference section */

/* Begin PBXFrameworksBuildPhase section */
		8D5FC5C327A5123B000BB141 /* Frameworks */ = {
			isa = PBXFrameworksBuildPhase;
			buildActionMask = 2147483647;
			files = (
			);
			runOnlyForDeploymentPostprocessing = 0;
		};
		8D5FC5DC27A5123C000BB141 /* Frameworks */ = {
			isa = PBXFrameworksBuildPhase;
			buildActionMask = 2147483647;
			files = (
			);
			runOnlyForDeploymentPostprocessing = 0;
		};
		8D5FC5E627A5123C000BB141 /* Frameworks */ = {
			isa = PBXFrameworksBuildPhase;
			buildActionMask = 2147483647;
			files = (
			);
			runOnlyForDeploymentPostprocessing = 0;
		};
/* End PBXFrameworksBuildPhase section */

/* Begin PBXGroup section */
		8D5FC5BD27A5123B000BB141 = {
			isa = PBXGroup;
			children = (
				8D5FC5C827A5123B000BB141 /* ShoutNetworking */,
				8D5FC5E227A5123C000BB141 /* ShoutNetworkingTests */,
				8D5FC5EC27A5123C000BB141 /* ShoutNetworkingUITests */,
				8D5FC5C727A5123B000BB141 /* Products */,
			);
			sourceTree = "<group>";
		};
		8D5FC5C727A5123B000BB141 /* Products */ = {
			isa = PBXGroup;
			children = (
				8D5FC5C627A5123B000BB141 /* ShoutNetworking.app */,
				8D5FC5DF27A5123C000BB141 /* ShoutNetworkingTests.xctest */,
				8D5FC5E927A5123C000BB141 /* ShoutNetworkingUITests.xctest */,
			);
			name = Products;
			sourceTree = "<group>";
		};
		8D5FC5C827A5123B000BB141 /* ShoutNetworking */ = {
			isa = PBXGroup;
			children = (
				8D96AB5727A7D5AA00928FBE /* CustomCollectionView */,
				8D5FC5C927A5123B000BB141 /* AppDelegate.swift */,
				8D5FC5CB27A5123B000BB141 /* SceneDelegate.swift */,
				8D5FC5D527A5123C000BB141 /* Assets.xcassets */,
				8D5FC5D727A5123C000BB141 /* LaunchScreen.storyboard */,
				8D5FC5DA27A5123C000BB141 /* Info.plist */,
				8D5FC5D227A5123B000BB141 /* ShoutNetworking.xcdatamodeld */,
				8D5FC5FC27A52EB1000BB141 /* Response.swift */,
				8D5FC5FE27A53013000BB141 /* Request.swift */,
				8D96AB5327A7B77100928FBE /* TestRequestViewController.swift */,
				8D76482C27A91D2600735400 /* ViewController.swift */,
			);
			path = ShoutNetworking;
			sourceTree = "<group>";
		};
		8D5FC5E227A5123C000BB141 /* ShoutNetworkingTests */ = {
			isa = PBXGroup;
			children = (
				8D5FC5E327A5123C000BB141 /* ShoutNetworkingTests.swift */,
			);
			path = ShoutNetworkingTests;
			sourceTree = "<group>";
		};
		8D5FC5EC27A5123C000BB141 /* ShoutNetworkingUITests */ = {
			isa = PBXGroup;
			children = (
				8D5FC5ED27A5123D000BB141 /* ShoutNetworkingUITests.swift */,
				8D5FC5EF27A5123D000BB141 /* ShoutNetworkingUITestsLaunchTests.swift */,
			);
			path = ShoutNetworkingUITests;
			sourceTree = "<group>";
		};
		8D96AB5727A7D5AA00928FBE /* CustomCollectionView */ = {
			isa = PBXGroup;
			children = (
				8D76482427A8FE4F00735400 /* CustomCell.swift */,
			);
			path = CustomCollectionView;
			sourceTree = "<group>";
		};
/* End PBXGroup section */

/* Begin PBXNativeTarget section */
		8D5FC5C527A5123B000BB141 /* ShoutNetworking */ = {
			isa = PBXNativeTarget;
			buildConfigurationList = 8D5FC5F327A5123D000BB141 /* Build configuration list for PBXNativeTarget "ShoutNetworking" */;
			buildPhases = (
				8D5FC5C227A5123B000BB141 /* Sources */,
				8D5FC5C327A5123B000BB141 /* Frameworks */,
				8D5FC5C427A5123B000BB141 /* Resources */,
			);
			buildRules = (
			);
			dependencies = (
			);
			name = ShoutNetworking;
			productName = ShoutNetworking;
			productReference = 8D5FC5C627A5123B000BB141 /* ShoutNetworking.app */;
			productType = "com.apple.product-type.application";
		};
		8D5FC5DE27A5123C000BB141 /* ShoutNetworkingTests */ = {
			isa = PBXNativeTarget;
			buildConfigurationList = 8D5FC5F627A5123D000BB141 /* Build configuration list for PBXNativeTarget "ShoutNetworkingTests" */;
			buildPhases = (
				8D5FC5DB27A5123C000BB141 /* Sources */,
				8D5FC5DC27A5123C000BB141 /* Frameworks */,
				8D5FC5DD27A5123C000BB141 /* Resources */,
			);
			buildRules = (
			);
			dependencies = (
				8D5FC5E127A5123C000BB141 /* PBXTargetDependency */,
			);
			name = ShoutNetworkingTests;
			productName = ShoutNetworkingTests;
			productReference = 8D5FC5DF27A5123C000BB141 /* ShoutNetworkingTests.xctest */;
			productType = "com.apple.product-type.bundle.unit-test";
		};
		8D5FC5E827A5123C000BB141 /* ShoutNetworkingUITests */ = {
			isa = PBXNativeTarget;
			buildConfigurationList = 8D5FC5F927A5123D000BB141 /* Build configuration list for PBXNativeTarget "ShoutNetworkingUITests" */;
			buildPhases = (
				8D5FC5E527A5123C000BB141 /* Sources */,
				8D5FC5E627A5123C000BB141 /* Frameworks */,
				8D5FC5E727A5123C000BB141 /* Resources */,
			);
			buildRules = (
			);
			dependencies = (
				8D5FC5EB27A5123C000BB141 /* PBXTargetDependency */,
			);
			name = ShoutNetworkingUITests;
			productName = ShoutNetworkingUITests;
			productReference = 8D5FC5E927A5123C000BB141 /* ShoutNetworkingUITests.xctest */;
			productType = "com.apple.product-type.bundle.ui-testing";
		};
/* End PBXNativeTarget section */

/* Begin PBXProject section */
		8D5FC5BE27A5123B000BB141 /* Project object */ = {
			isa = PBXProject;
			attributes = {
				BuildIndependentTargetsInParallel = 1;
				LastSwiftUpdateCheck = 1310;
				LastUpgradeCheck = 1310;
				TargetAttributes = {
					8D5FC5C527A5123B000BB141 = {
						CreatedOnToolsVersion = 13.1;
					};
					8D5FC5DE27A5123C000BB141 = {
						CreatedOnToolsVersion = 13.1;
						TestTargetID = 8D5FC5C527A5123B000BB141;
					};
					8D5FC5E827A5123C000BB141 = {
						CreatedOnToolsVersion = 13.1;
						TestTargetID = 8D5FC5C527A5123B000BB141;
					};
				};
			};
			buildConfigurationList = 8D5FC5C127A5123B000BB141 /* Build configuration list for PBXProject "ShoutNetworking" */;
			compatibilityVersion = "Xcode 13.0";
			developmentRegion = en;
			hasScannedForEncodings = 0;
			knownRegions = (
				en,
				Base,
			);
			mainGroup = 8D5FC5BD27A5123B000BB141;
			productRefGroup = 8D5FC5C727A5123B000BB141 /* Products */;
			projectDirPath = "";
			projectRoot = "";
			targets = (
				8D5FC5C527A5123B000BB141 /* ShoutNetworking */,
				8D5FC5DE27A5123C000BB141 /* ShoutNetworkingTests */,
				8D5FC5E827A5123C000BB141 /* ShoutNetworkingUITests */,
			);
		};
/* End PBXProject section */

/* Begin PBXResourcesBuildPhase section */
		8D5FC5C427A5123B000BB141 /* Resources */ = {
			isa = PBXResourcesBuildPhase;
			buildActionMask = 2147483647;
			files = (
				8D5FC5D927A5123C000BB141 /* LaunchScreen.storyboard in Resources */,
				8D5FC5D627A5123C000BB141 /* Assets.xcassets in Resources */,
			);
			runOnlyForDeploymentPostprocessing = 0;
		};
		8D5FC5DD27A5123C000BB141 /* Resources */ = {
			isa = PBXResourcesBuildPhase;
			buildActionMask = 2147483647;
			files = (
			);
			runOnlyForDeploymentPostprocessing = 0;
		};
		8D5FC5E727A5123C000BB141 /* Resources */ = {
			isa = PBXResourcesBuildPhase;
			buildActionMask = 2147483647;
			files = (
			);
			runOnlyForDeploymentPostprocessing = 0;
		};
/* End PBXResourcesBuildPhase section */

/* Begin PBXSourcesBuildPhase section */
		8D5FC5C227A5123B000BB141 /* Sources */ = {
			isa = PBXSourcesBuildPhase;
			buildActionMask = 2147483647;
			files = (
				8D96AB5427A7B77100928FBE /* TestRequestViewController.swift in Sources */,
				8D5FC5FF27A53013000BB141 /* Request.swift in Sources */,
				8D76482527A8FE4F00735400 /* CustomCell.swift in Sources */,
				8D5FC5CA27A5123B000BB141 /* AppDelegate.swift in Sources */,
				8D5FC5FD27A52EB1000BB141 /* Response.swift in Sources */,
				8D5FC5CC27A5123B000BB141 /* SceneDelegate.swift in Sources */,
				8D5FC5D427A5123B000BB141 /* ShoutNetworking.xcdatamodeld in Sources */,
				8D76482D27A91D2600735400 /* ViewController.swift in Sources */,
			);
			runOnlyForDeploymentPostprocessing = 0;
		};
		8D5FC5DB27A5123C000BB141 /* Sources */ = {
			isa = PBXSourcesBuildPhase;
			buildActionMask = 2147483647;
			files = (
				8D5FC5E427A5123C000BB141 /* ShoutNetworkingTests.swift in Sources */,
			);
			runOnlyForDeploymentPostprocessing = 0;
		};
		8D5FC5E527A5123C000BB141 /* Sources */ = {
			isa = PBXSourcesBuildPhase;
			buildActionMask = 2147483647;
			files = (
				8D5FC5F027A5123D000BB141 /* ShoutNetworkingUITestsLaunchTests.swift in Sources */,
				8D5FC5EE27A5123D000BB141 /* ShoutNetworkingUITests.swift in Sources */,
			);
			runOnlyForDeploymentPostprocessing = 0;
		};
/* End PBXSourcesBuildPhase section */

/* Begin PBXTargetDependency section */
		8D5FC5E127A5123C000BB141 /* PBXTargetDependency */ = {
			isa = PBXTargetDependency;
			target = 8D5FC5C527A5123B000BB141 /* ShoutNetworking */;
			targetProxy = 8D5FC5E027A5123C000BB141 /* PBXContainerItemProxy */;
		};
		8D5FC5EB27A5123C000BB141 /* PBXTargetDependency */ = {
			isa = PBXTargetDependency;
			target = 8D5FC5C527A5123B000BB141 /* ShoutNetworking */;
			targetProxy = 8D5FC5EA27A5123C000BB141 /* PBXContainerItemProxy */;
		};
/* End PBXTargetDependency section */

/* Begin PBXVariantGroup section */
		8D5FC5D727A5123C000BB141 /* LaunchScreen.storyboard */ = {
			isa = PBXVariantGroup;
			children = (
				8D5FC5D827A5123C000BB141 /* Base */,
			);
			name = LaunchScreen.storyboard;
			sourceTree = "<group>";
		};
/* End PBXVariantGroup section */

/* Begin XCBuildConfiguration section */
		8D5FC5F127A5123D000BB141 /* Debug */ = {
			isa = XCBuildConfiguration;
			buildSettings = {
				ALWAYS_SEARCH_USER_PATHS = NO;
				CLANG_ANALYZER_NONNULL = YES;
				CLANG_ANALYZER_NUMBER_OBJECT_CONVERSION = YES_AGGRESSIVE;
				CLANG_CXX_LANGUAGE_STANDARD = "gnu++17";
				CLANG_CXX_LIBRARY = "libc++";
				CLANG_ENABLE_MODULES = YES;
				CLANG_ENABLE_OBJC_ARC = YES;
				CLANG_ENABLE_OBJC_WEAK = YES;
				CLANG_WARN_BLOCK_CAPTURE_AUTORELEASING = YES;
				CLANG_WARN_BOOL_CONVERSION = YES;
				CLANG_WARN_COMMA = YES;
				CLANG_WARN_CONSTANT_CONVERSION = YES;
				CLANG_WARN_DEPRECATED_OBJC_IMPLEMENTATIONS = YES;
				CLANG_WARN_DIRECT_OBJC_ISA_USAGE = YES_ERROR;
				CLANG_WARN_DOCUMENTATION_COMMENTS = YES;
				CLANG_WARN_EMPTY_BODY = YES;
				CLANG_WARN_ENUM_CONVERSION = YES;
				CLANG_WARN_INFINITE_RECURSION = YES;
				CLANG_WARN_INT_CONVERSION = YES;
				CLANG_WARN_NON_LITERAL_NULL_CONVERSION = YES;
				CLANG_WARN_OBJC_IMPLICIT_RETAIN_SELF = YES;
				CLANG_WARN_OBJC_LITERAL_CONVERSION = YES;
				CLANG_WARN_OBJC_ROOT_CLASS = YES_ERROR;
				CLANG_WARN_QUOTED_INCLUDE_IN_FRAMEWORK_HEADER = YES;
				CLANG_WARN_RANGE_LOOP_ANALYSIS = YES;
				CLANG_WARN_STRICT_PROTOTYPES = YES;
				CLANG_WARN_SUSPICIOUS_MOVE = YES;
				CLANG_WARN_UNGUARDED_AVAILABILITY = YES_AGGRESSIVE;
				CLANG_WARN_UNREACHABLE_CODE = YES;
				CLANG_WARN__DUPLICATE_METHOD_MATCH = YES;
				COPY_PHASE_STRIP = NO;
				DEBUG_INFORMATION_FORMAT = dwarf;
				ENABLE_STRICT_OBJC_MSGSEND = YES;
				ENABLE_TESTABILITY = YES;
				GCC_C_LANGUAGE_STANDARD = gnu11;
				GCC_DYNAMIC_NO_PIC = NO;
				GCC_NO_COMMON_BLOCKS = YES;
				GCC_OPTIMIZATION_LEVEL = 0;
				GCC_PREPROCESSOR_DEFINITIONS = (
					"DEBUG=1",
					"$(inherited)",
				);
				GCC_WARN_64_TO_32_BIT_CONVERSION = YES;
				GCC_WARN_ABOUT_RETURN_TYPE = YES_ERROR;
				GCC_WARN_UNDECLARED_SELECTOR = YES;
				GCC_WARN_UNINITIALIZED_AUTOS = YES_AGGRESSIVE;
				GCC_WARN_UNUSED_FUNCTION = YES;
				GCC_WARN_UNUSED_VARIABLE = YES;
				IPHONEOS_DEPLOYMENT_TARGET = 15.0;
				MTL_ENABLE_DEBUG_INFO = INCLUDE_SOURCE;
				MTL_FAST_MATH = YES;
				ONLY_ACTIVE_ARCH = YES;
				SDKROOT = iphoneos;
				SWIFT_ACTIVE_COMPILATION_CONDITIONS = DEBUG;
				SWIFT_OPTIMIZATION_LEVEL = "-Onone";
			};
			name = Debug;
		};
		8D5FC5F227A5123D000BB141 /* Release */ = {
			isa = XCBuildConfiguration;
			buildSettings = {
				ALWAYS_SEARCH_USER_PATHS = NO;
				CLANG_ANALYZER_NONNULL = YES;
				CLANG_ANALYZER_NUMBER_OBJECT_CONVERSION = YES_AGGRESSIVE;
				CLANG_CXX_LANGUAGE_STANDARD = "gnu++17";
				CLANG_CXX_LIBRARY = "libc++";
				CLANG_ENABLE_MODULES = YES;
				CLANG_ENABLE_OBJC_ARC = YES;
				CLANG_ENABLE_OBJC_WEAK = YES;
				CLANG_WARN_BLOCK_CAPTURE_AUTORELEASING = YES;
				CLANG_WARN_BOOL_CONVERSION = YES;
				CLANG_WARN_COMMA = YES;
				CLANG_WARN_CONSTANT_CONVERSION = YES;
				CLANG_WARN_DEPRECATED_OBJC_IMPLEMENTATIONS = YES;
				CLANG_WARN_DIRECT_OBJC_ISA_USAGE = YES_ERROR;
				CLANG_WARN_DOCUMENTATION_COMMENTS = YES;
				CLANG_WARN_EMPTY_BODY = YES;
				CLANG_WARN_ENUM_CONVERSION = YES;
				CLANG_WARN_INFINITE_RECURSION = YES;
				CLANG_WARN_INT_CONVERSION = YES;
				CLANG_WARN_NON_LITERAL_NULL_CONVERSION = YES;
				CLANG_WARN_OBJC_IMPLICIT_RETAIN_SELF = YES;
				CLANG_WARN_OBJC_LITERAL_CONVERSION = YES;
				CLANG_WARN_OBJC_ROOT_CLASS = YES_ERROR;
				CLANG_WARN_QUOTED_INCLUDE_IN_FRAMEWORK_HEADER = YES;
				CLANG_WARN_RANGE_LOOP_ANALYSIS = YES;
				CLANG_WARN_STRICT_PROTOTYPES = YES;
				CLANG_WARN_SUSPICIOUS_MOVE = YES;
				CLANG_WARN_UNGUARDED_AVAILABILITY = YES_AGGRESSIVE;
				CLANG_WARN_UNREACHABLE_CODE = YES;
				CLANG_WARN__DUPLICATE_METHOD_MATCH = YES;
				COPY_PHASE_STRIP = NO;
				DEBUG_INFORMATION_FORMAT = "dwarf-with-dsym";
				ENABLE_NS_ASSERTIONS = NO;
				ENABLE_STRICT_OBJC_MSGSEND = YES;
				GCC_C_LANGUAGE_STANDARD = gnu11;
				GCC_NO_COMMON_BLOCKS = YES;
				GCC_WARN_64_TO_32_BIT_CONVERSION = YES;
				GCC_WARN_ABOUT_RETURN_TYPE = YES_ERROR;
				GCC_WARN_UNDECLARED_SELECTOR = YES;
				GCC_WARN_UNINITIALIZED_AUTOS = YES_AGGRESSIVE;
				GCC_WARN_UNUSED_FUNCTION = YES;
				GCC_WARN_UNUSED_VARIABLE = YES;
				IPHONEOS_DEPLOYMENT_TARGET = 15.0;
				MTL_ENABLE_DEBUG_INFO = NO;
				MTL_FAST_MATH = YES;
				SDKROOT = iphoneos;
				SWIFT_COMPILATION_MODE = wholemodule;
				SWIFT_OPTIMIZATION_LEVEL = "-O";
				VALIDATE_PRODUCT = YES;
			};
			name = Release;
		};
		8D5FC5F427A5123D000BB141 /* Debug */ = {
			isa = XCBuildConfiguration;
			buildSettings = {
				ASSETCATALOG_COMPILER_APPICON_NAME = AppIcon;
				ASSETCATALOG_COMPILER_GLOBAL_ACCENT_COLOR_NAME = AccentColor;
				CODE_SIGN_STYLE = Automatic;
				CURRENT_PROJECT_VERSION = 1;
				DEVELOPMENT_TEAM = G879XHMX6G;
				GENERATE_INFOPLIST_FILE = YES;
				INFOPLIST_FILE = ShoutNetworking/Info.plist;
				INFOPLIST_KEY_UIApplicationSupportsIndirectInputEvents = YES;
				INFOPLIST_KEY_UILaunchStoryboardName = LaunchScreen;
				INFOPLIST_KEY_UISupportedInterfaceOrientations_iPad = "UIInterfaceOrientationPortrait UIInterfaceOrientationPortraitUpsideDown UIInterfaceOrientationLandscapeLeft UIInterfaceOrientationLandscapeRight";
				INFOPLIST_KEY_UISupportedInterfaceOrientations_iPhone = "UIInterfaceOrientationPortrait UIInterfaceOrientationLandscapeLeft UIInterfaceOrientationLandscapeRight";
				LD_RUNPATH_SEARCH_PATHS = (
					"$(inherited)",
					"@executable_path/Frameworks",
				);
				MARKETING_VERSION = 1.0;
				PRODUCT_BUNDLE_IDENTIFIER = tushar.firstapp.ShoutNetworking;
				PRODUCT_NAME = "$(TARGET_NAME)";
				SWIFT_EMIT_LOC_STRINGS = YES;
				SWIFT_VERSION = 5.0;
				TARGETED_DEVICE_FAMILY = "1,2";
			};
			name = Debug;
		};
		8D5FC5F527A5123D000BB141 /* Release */ = {
			isa = XCBuildConfiguration;
			buildSettings = {
				ASSETCATALOG_COMPILER_APPICON_NAME = AppIcon;
				ASSETCATALOG_COMPILER_GLOBAL_ACCENT_COLOR_NAME = AccentColor;
				CODE_SIGN_STYLE = Automatic;
				CURRENT_PROJECT_VERSION = 1;
				DEVELOPMENT_TEAM = G879XHMX6G;
				GENERATE_INFOPLIST_FILE = YES;
				INFOPLIST_FILE = ShoutNetworking/Info.plist;
				INFOPLIST_KEY_UIApplicationSupportsIndirectInputEvents = YES;
				INFOPLIST_KEY_UILaunchStoryboardName = LaunchScreen;
				INFOPLIST_KEY_UISupportedInterfaceOrientations_iPad = "UIInterfaceOrientationPortrait UIInterfaceOrientationPortraitUpsideDown UIInterfaceOrientationLandscapeLeft UIInterfaceOrientationLandscapeRight";
				INFOPLIST_KEY_UISupportedInterfaceOrientations_iPhone = "UIInterfaceOrientationPortrait UIInterfaceOrientationLandscapeLeft UIInterfaceOrientationLandscapeRight";
				LD_RUNPATH_SEARCH_PATHS = (
					"$(inherited)",
					"@executable_path/Frameworks",
				);
				MARKETING_VERSION = 1.0;
				PRODUCT_BUNDLE_IDENTIFIER = tushar.firstapp.ShoutNetworking;
				PRODUCT_NAME = "$(TARGET_NAME)";
				SWIFT_EMIT_LOC_STRINGS = YES;
				SWIFT_VERSION = 5.0;
				TARGETED_DEVICE_FAMILY = "1,2";
			};
			name = Release;
		};
		8D5FC5F727A5123D000BB141 /* Debug */ = {
			isa = XCBuildConfiguration;
			buildSettings = {
				ALWAYS_EMBED_SWIFT_STANDARD_LIBRARIES = YES;
				BUNDLE_LOADER = "$(TEST_HOST)";
				CODE_SIGN_STYLE = Automatic;
				CURRENT_PROJECT_VERSION = 1;
				DEVELOPMENT_TEAM = G879XHMX6G;
				GENERATE_INFOPLIST_FILE = YES;
				IPHONEOS_DEPLOYMENT_TARGET = 15.0;
				LD_RUNPATH_SEARCH_PATHS = (
					"$(inherited)",
					"@executable_path/Frameworks",
					"@loader_path/Frameworks",
				);
				MARKETING_VERSION = 1.0;
				PRODUCT_BUNDLE_IDENTIFIER = tushar.firstapp.ShoutNetworkingTests;
				PRODUCT_NAME = "$(TARGET_NAME)";
				SWIFT_EMIT_LOC_STRINGS = NO;
				SWIFT_VERSION = 5.0;
				TARGETED_DEVICE_FAMILY = "1,2";
				TEST_HOST = "$(BUILT_PRODUCTS_DIR)/ShoutNetworking.app/ShoutNetworking";
			};
			name = Debug;
		};
		8D5FC5F827A5123D000BB141 /* Release */ = {
			isa = XCBuildConfiguration;
			buildSettings = {
				ALWAYS_EMBED_SWIFT_STANDARD_LIBRARIES = YES;
				BUNDLE_LOADER = "$(TEST_HOST)";
				CODE_SIGN_STYLE = Automatic;
				CURRENT_PROJECT_VERSION = 1;
				DEVELOPMENT_TEAM = G879XHMX6G;
				GENERATE_INFOPLIST_FILE = YES;
				IPHONEOS_DEPLOYMENT_TARGET = 15.0;
				LD_RUNPATH_SEARCH_PATHS = (
					"$(inherited)",
					"@executable_path/Frameworks",
					"@loader_path/Frameworks",
				);
				MARKETING_VERSION = 1.0;
				PRODUCT_BUNDLE_IDENTIFIER = tushar.firstapp.ShoutNetworkingTests;
				PRODUCT_NAME = "$(TARGET_NAME)";
				SWIFT_EMIT_LOC_STRINGS = NO;
				SWIFT_VERSION = 5.0;
				TARGETED_DEVICE_FAMILY = "1,2";
				TEST_HOST = "$(BUILT_PRODUCTS_DIR)/ShoutNetworking.app/ShoutNetworking";
			};
			name = Release;
		};
		8D5FC5FA27A5123D000BB141 /* Debug */ = {
			isa = XCBuildConfiguration;
			buildSettings = {
				ALWAYS_EMBED_SWIFT_STANDARD_LIBRARIES = YES;
				CODE_SIGN_STYLE = Automatic;
				CURRENT_PROJECT_VERSION = 1;
				DEVELOPMENT_TEAM = G879XHMX6G;
				GENERATE_INFOPLIST_FILE = YES;
				LD_RUNPATH_SEARCH_PATHS = (
					"$(inherited)",
					"@executable_path/Frameworks",
					"@loader_path/Frameworks",
				);
				MARKETING_VERSION = 1.0;
				PRODUCT_BUNDLE_IDENTIFIER = tushar.firstapp.ShoutNetworkingUITests;
				PRODUCT_NAME = "$(TARGET_NAME)";
				SWIFT_EMIT_LOC_STRINGS = NO;
				SWIFT_VERSION = 5.0;
				TARGETED_DEVICE_FAMILY = "1,2";
				TEST_TARGET_NAME = ShoutNetworking;
			};
			name = Debug;
		};
		8D5FC5FB27A5123D000BB141 /* Release */ = {
			isa = XCBuildConfiguration;
			buildSettings = {
				ALWAYS_EMBED_SWIFT_STANDARD_LIBRARIES = YES;
				CODE_SIGN_STYLE = Automatic;
				CURRENT_PROJECT_VERSION = 1;
				DEVELOPMENT_TEAM = G879XHMX6G;
				GENERATE_INFOPLIST_FILE = YES;
				LD_RUNPATH_SEARCH_PATHS = (
					"$(inherited)",
					"@executable_path/Frameworks",
					"@loader_path/Frameworks",
				);
				MARKETING_VERSION = 1.0;
				PRODUCT_BUNDLE_IDENTIFIER = tushar.firstapp.ShoutNetworkingUITests;
				PRODUCT_NAME = "$(TARGET_NAME)";
				SWIFT_EMIT_LOC_STRINGS = NO;
				SWIFT_VERSION = 5.0;
				TARGETED_DEVICE_FAMILY = "1,2";
				TEST_TARGET_NAME = ShoutNetworking;
			};
			name = Release;
		};
/* End XCBuildConfiguration section */

/* Begin XCConfigurationList section */
		8D5FC5C127A5123B000BB141 /* Build configuration list for PBXProject "ShoutNetworking" */ = {
			isa = XCConfigurationList;
			buildConfigurations = (
				8D5FC5F127A5123D000BB141 /* Debug */,
				8D5FC5F227A5123D000BB141 /* Release */,
			);
			defaultConfigurationIsVisible = 0;
			defaultConfigurationName = Release;
		};
		8D5FC5F327A5123D000BB141 /* Build configuration list for PBXNativeTarget "ShoutNetworking" */ = {
			isa = XCConfigurationList;
			buildConfigurations = (
				8D5FC5F427A5123D000BB141 /* Debug */,
				8D5FC5F527A5123D000BB141 /* Release */,
			);
			defaultConfigurationIsVisible = 0;
			defaultConfigurationName = Release;
		};
		8D5FC5F627A5123D000BB141 /* Build configuration list for PBXNativeTarget "ShoutNetworkingTests" */ = {
			isa = XCConfigurationList;
			buildConfigurations = (
				8D5FC5F727A5123D000BB141 /* Debug */,
				8D5FC5F827A5123D000BB141 /* Release */,
			);
			defaultConfigurationIsVisible = 0;
			defaultConfigurationName = Release;
		};
		8D5FC5F927A5123D000BB141 /* Build configuration list for PBXNativeTarget "ShoutNetworkingUITests" */ = {
			isa = XCConfigurationList;
			buildConfigurations = (
				8D5FC5FA27A5123D000BB141 /* Debug */,
				8D5FC5FB27A5123D000BB141 /* Release */,
			);
			defaultConfigurationIsVisible = 0;
			defaultConfigurationName = Release;
		};
/* End XCConfigurationList section */

/* Begin XCVersionGroup section */
		8D5FC5D227A5123B000BB141 /* ShoutNetworking.xcdatamodeld */ = {
			isa = XCVersionGroup;
			children = (
				8D5FC5D327A5123B000BB141 /* ShoutNetworking.xcdatamodel */,
			);
			currentVersion = 8D5FC5D327A5123B000BB141 /* ShoutNetworking.xcdatamodel */;
			path = ShoutNetworking.xcdatamodeld;
			sourceTree = "<group>";
			versionGroupType = wrapper.xcdatamodel;
		};
/* End XCVersionGroup section */
	};
	rootObject = 8D5FC5BE27A5123B000BB141 /* Project object */;
}
